lockfileVersion: '9.0'

settings:
  autoInstallPeers: true
  excludeLinksFromLockfile: false

overrides:
  ts-json-schema-generator: link:../ts-json-schema-generator

importers:

  .:
    dependencies:
      ts-json-schema-generator:
        specifier: link:../ts-json-schema-generator
        version: link:../ts-json-schema-generator
      type-fest:
        specifier: ^4.39.1
        version: 4.39.1
      typescript:
        specifier: ^5.8.3
        version: 5.8.3
    devDependencies:
      '@types/node':
        specifier: ^22.14.1
        version: 22.14.1

packages:

  '@types/node@22.14.1':
    resolution: {integrity: sha512-u0HuPQwe/dHrItgHHpmw3N2fYCR6x4ivMNbPHRkBVP4CvN+kiRrKHWk3i8tXiO/joPwXLMYvF9TTF0eqgHIuOw==}

  type-fest@4.39.1:
    resolution: {integrity: sha512-uW9qzd66uyHYxwyVBYiwS4Oi0qZyUqwjU+Oevr6ZogYiXt99EOYtwvzMSLw1c3lYo2HzJsep/NB23iEVEgjG/w==}
    engines: {node: '>=16'}

  typescript@5.8.3:
    resolution: {integrity: sha512-p1diW6TqL9L07nNxvRMM7hMMw4c5XOo/1ibL4aAIGmSAt9slTE1Xgw5KWuof2uTOvCg9BY7ZRi+GaF+7sfgPeQ==}
    engines: {node: '>=14.17'}
    hasBin: true

  undici-types@6.21.0:
    resolution: {integrity: sha512-iwDZqg0QAGrg9Rav5H4n0M64c3mkR59cJ6wQp+7C4nI0gsmExaedaYLNO44eT4AtBBwjbTiGPMlt2Md0T9H9JQ==}

snapshots:

  '@types/node@22.14.1':
    dependencies:
      undici-types: 6.21.0

  type-fest@4.39.1: {}

  typescript@5.8.3: {}

  undici-types@6.21.0: {}
